
Microsoft Visual Studio Solution File, Format Version 12.00
# Visual Studio Version 17
VisualStudioVersion = 17.14.36109.1
MinimumVisualStudioVersion = 10.0.40219.1
Project("{FAE04EC0-301F-11D3-BF4B-00C04F79EFBC}") = "ChatAppBackend", "WebApplication1\ChatAppBackend.csproj", "{9027B993-80D7-4633-9903-93180CBDFB5D}"
EndProject
Global
	GlobalSection(SolutionConfigurationPlatforms) = preSolution
		Debug|Any CPU = Debug|Any CPU
		Release|Any CPU = Release|Any CPU
	EndGlobalSection
	GlobalSection(ProjectConfigurationPlatforms) = postSolution
		{9027B993-80D7-4633-9903-93180CBDFB5D}.Debug|Any CPU.ActiveCfg = Debug|Any CPU
		{9027B993-80D7-4633-9903-93180CBDFB5D}.Debug|Any CPU.Build.0 = Debug|Any CPU
		{9027B993-80D7-4633-9903-93180CBDFB5D}.Release|Any CPU.ActiveCfg = Release|Any CPU
		{9027B993-80D7-4633-9903-93180CBDFB5D}.Release|Any CPU.Build.0 = Release|Any CPU
	EndGlobalSection
	GlobalSection(SolutionProperties) = preSolution
		HideSolutionNode = FALSE
	EndGlobalSection
	GlobalSection(ExtensibilityGlobals) = postSolution
		SolutionGuid = {6171C3E0-1CBF-4B92-AF96-1380939A2579}
	EndGlobalSection
EndGlobal
